{
  "version": 4,
  "terraform_version": "1.14.6",
  "serial": 9,
  "lineage": "6250e338-122f-7aea-bf3c-9c09f8ff6973",
  "outputs": {
    "instance_ids": {
      "value": {
        "Jenkins": "i-0b715d503e1169e07",
        "Jenkins-Node": "i-0f54fc51e418d7fec"
      },
      "type": [
        "object",
        {
          "Jenkins": "string",
          "Jenkins-Node": "string"
        }
      ]
    },
    "instance_public_ips": {
      "value": {
        "Jenkins": "98.82.22.63",
        "Jenkins-Node": "44.204.203.12"
      },
      "type": [
        "object",
        {
          "Jenkins": "string",
          "Jenkins-Node": "string"
        }
      ]
    }
  },
  "resources": [
    {
      "mode": "managed",
      "type": "aws_instance",
      "name": "jenkins",
      "provider": "provider[\"registry.terraform.io/hashicorp/aws\"]",
      "instances": [
        {
          "index_key": "Jenkins",
          "schema_version": 2,
          "attributes": {
            "ami": "ami-0220d79f3f480ecf5",
            "arn": "arn:aws:ec2:us-east-1:424848769611:instance/i-0b715d503e1169e07",
            "associate_public_ip_address": true,
            "availability_zone": "us-east-1a",
            "capacity_reservation_specification": [
              {
                "capacity_reservation_preference": "open",
                "capacity_reservation_target": []
              }
            ],
            "cpu_options": [
              {
                "amd_sev_snp": "",
                "core_count": 1,
                "nested_virtualization": "",
                "threads_per_core": 2
              }
            ],
            "credit_specification": [
              {
                "cpu_credits": "unlimited"
              }
            ],
            "disable_api_stop": false,
            "disable_api_termination": false,
            "ebs_block_device": [],
            "ebs_optimized": false,
            "enable_primary_ipv6": null,
            "enclave_options": [
              {
                "enabled": false
              }
            ],
            "ephemeral_block_device": [],
            "force_destroy": false,
            "get_password_data": false,
            "hibernation": false,
            "host_id": "",
            "host_resource_group_arn": null,
            "iam_instance_profile": "",
            "id": "i-0b715d503e1169e07",
            "instance_initiated_shutdown_behavior": "stop",
            "instance_lifecycle": "",
            "instance_market_options": [],
            "instance_state": "running",
            "instance_type": "t3.micro",
            "ipv6_address_count": 0,
            "ipv6_addresses": [],
            "key_name": "",
            "launch_template": [],
            "maintenance_options": [
              {
                "auto_recovery": "default"
              }
            ],
            "metadata_options": [
              {
                "http_endpoint": "enabled",
                "http_protocol_ipv6": "disabled",
                "http_put_response_hop_limit": 1,
                "http_tokens": "optional",
                "instance_metadata_tags": "disabled"
              }
            ],
            "monitoring": false,
            "network_interface": [],
            "outpost_arn": "",
            "password_data": "",
            "placement_group": "",
            "placement_group_id": "",
            "placement_partition_number": 0,
            "primary_network_interface": [
              {
                "delete_on_termination": true,
                "network_interface_id": "eni-0cec5552b0e981cb3"
              }
            ],
            "primary_network_interface_id": "eni-0cec5552b0e981cb3",
            "private_dns": "ip-10-0-1-168.ec2.internal",
            "private_dns_name_options": [
              {
                "enable_resource_name_dns_a_record": false,
                "enable_resource_name_dns_aaaa_record": false,
                "hostname_type": "ip-name"
              }
            ],
            "private_ip": "10.0.1.168",
            "public_dns": "ec2-98-82-22-63.compute-1.amazonaws.com",
            "public_ip": "98.82.22.63",
            "region": "us-east-1",
            "root_block_device": [
              {
                "delete_on_termination": true,
                "device_name": "/dev/sda1",
                "encrypted": false,
                "iops": 3000,
                "kms_key_id": "",
                "tags": null,
                "tags_all": {},
                "throughput": 125,
                "volume_id": "vol-0c971221533a2036c",
                "volume_size": 20,
                "volume_type": "gp3"
              }
            ],
            "secondary_network_interface": [],
            "secondary_private_ips": [],
            "security_groups": [],
            "source_dest_check": true,
            "spot_instance_request_id": "",
            "subnet_id": "subnet-0753efad3a97c7c32",
            "tags": {
              "Name": "Jenkins"
            },
            "tags_all": {
              "Name": "Jenkins"
            },
            "tenancy": "default",
            "timeouts": null,
            "user_data": "#!/bin/bash\nexport PATH=$PATH:/usr/local/bin\n# --- 1. INSTALL TOOLS ---\nsudo dnf install git -y\n\n# # Install ansible\n# sudo dnf install ansible -y\n# pip3.9 install netaddr\n# pip3 install boto3 botocore\n\n# Install terraform\nsudo dnf config-manager --add-repo https://rpm.releases.hashicorp.com/RHEL/hashicorp.repo\nsudo dnf -y install terraform\n\n# --- 3. FIXED AWS CLI INSTALLATION ---\n# Corrected URL: awscli.amazonaws.com\n# curl \"https://amazonaws.com\" -o \"awscliv2.zip\"\n# sudo dnf install unzip -y\n# unzip awscliv2.zip\n# sudo ./aws/install\n# sudo ln -s /usr/local/bin/aws /usr/bin/aws\n\n#----4. Install Jenkins ---#\nsudo curl -o /etc/yum.repos.d/jenkins.repo     https://pkg.jenkins.io/rpm-stable/jenkins.repo\nsudo dnf install fontconfig java-21-openjdk -y\nsudo dnf install jenkins -y\nsudo systemctl daemon-reload\nsudo systemctl enable jenkins\nsudo systemctl restart jenkins",
            "user_data_base64": null,
            "user_data_replace_on_change": false,
            "volume_tags": null,
            "vpc_security_group_ids": [
              "sg-0674ace02359e7656"
            ]
          },
          "sensitive_attributes": [],
          "identity_schema_version": 0,
          "identity": {
            "account_id": "424848769611",
            "id": "i-0b715d503e1169e07",
            "region": "us-east-1"
          },
          "private": "eyJlMmJmYjczMC1lY2FhLTExZTYtOGY4OC0zNDM2M2JjN2M0YzAiOnsiY3JlYXRlIjo2MDAwMDAwMDAwMDAsImRlbGV0ZSI6MTIwMDAwMDAwMDAwMCwicmVhZCI6OTAwMDAwMDAwMDAwLCJ1cGRhdGUiOjYwMDAwMDAwMDAwMH0sInNjaGVtYV92ZXJzaW9uIjoiMiJ9"
        },
        {
          "index_key": "Jenkins-Node",
          "schema_version": 2,
          "attributes": {
            "ami": "ami-0220d79f3f480ecf5",
            "arn": "arn:aws:ec2:us-east-1:424848769611:instance/i-0f54fc51e418d7fec",
            "associate_public_ip_address": true,
            "availability_zone": "us-east-1a",
            "capacity_reservation_specification": [
              {
                "capacity_reservation_preference": "open",
                "capacity_reservation_target": []
              }
            ],
            "cpu_options": [
              {
                "amd_sev_snp": "",
                "core_count": 1,
                "nested_virtualization": "",
                "threads_per_core": 2
              }
            ],
            "credit_specification": [
              {
                "cpu_credits": "unlimited"
              }
            ],
            "disable_api_stop": false,
            "disable_api_termination": false,
            "ebs_block_device": [],
            "ebs_optimized": false,
            "enable_primary_ipv6": null,
            "enclave_options": [
              {
                "enabled": false
              }
            ],
            "ephemeral_block_device": [],
            "force_destroy": false,
            "get_password_data": false,
            "hibernation": false,
            "host_id": "",
            "host_resource_group_arn": null,
            "iam_instance_profile": "",
            "id": "i-0f54fc51e418d7fec",
            "instance_initiated_shutdown_behavior": "stop",
            "instance_lifecycle": "",
            "instance_market_options": [],
            "instance_state": "running",
            "instance_type": "t3.micro",
            "ipv6_address_count": 0,
            "ipv6_addresses": [],
            "key_name": "",
            "launch_template": [],
            "maintenance_options": [
              {
                "auto_recovery": "default"
              }
            ],
            "metadata_options": [
              {
                "http_endpoint": "enabled",
                "http_protocol_ipv6": "disabled",
                "http_put_response_hop_limit": 1,
                "http_tokens": "optional",
                "instance_metadata_tags": "disabled"
              }
            ],
            "monitoring": false,
            "network_interface": [],
            "outpost_arn": "",
            "password_data": "",
            "placement_group": "",
            "placement_group_id": "",
            "placement_partition_number": 0,
            "primary_network_interface": [
              {
                "delete_on_termination": true,
                "network_interface_id": "eni-04e7a4a8828447d5b"
              }
            ],
            "primary_network_interface_id": "eni-04e7a4a8828447d5b",
            "private_dns": "ip-10-0-1-19.ec2.internal",
            "private_dns_name_options": [
              {
                "enable_resource_name_dns_a_record": false,
                "enable_resource_name_dns_aaaa_record": false,
                "hostname_type": "ip-name"
              }
            ],
            "private_ip": "10.0.1.19",
            "public_dns": "ec2-44-204-203-12.compute-1.amazonaws.com",
            "public_ip": "44.204.203.12",
            "region": "us-east-1",
            "root_block_device": [
              {
                "delete_on_termination": true,
                "device_name": "/dev/sda1",
                "encrypted": false,
                "iops": 3000,
                "kms_key_id": "",
                "tags": null,
                "tags_all": {},
                "throughput": 125,
                "volume_id": "vol-08b9e96c22fb3d501",
                "volume_size": 50,
                "volume_type": "gp3"
              }
            ],
            "secondary_network_interface": [],
            "secondary_private_ips": [],
            "security_groups": [],
            "source_dest_check": true,
            "spot_instance_request_id": "",
            "subnet_id": "subnet-0753efad3a97c7c32",
            "tags": {
              "Name": "Jenkins-Node"
            },
            "tags_all": {
              "Name": "Jenkins-Node"
            },
            "tenancy": "default",
            "timeouts": null,
            "user_data": "#!/bin/bash\nexport PATH=$PATH:/usr/local/bin\n\n# --- 1. EXTEND THE EBS VOLUME SPACE ---\n# (Using growpart for automation instead of interactive parted)\nsudo dnf install cloud-utils-growpart -y #This installs the growpart tool\nsleep 5\n#This tells the \"Physical Disk\" (/dev/nvme0n1) to expand Partition 4 to fill the remaining empty space on the 50GB drive.\nsudo growpart /dev/nvme0n1 4\n\n# Since you are using LVM, your partition acts as a \"Physical Volume\" (PV).\n# Even though the partition is now 50GB, the LVM software doesn't know that yet.\n# This command updates the LVM metadata to say, \"Hey, this PV just got bigger; \n# we have more room for activities.\"\nsudo pvresize /dev/nvme0n1p4\n\n# Your disk is now 50GB, and LVM knows it, but that space is sitting in a \n# \"spare pool\" (the Volume Group). This command takes 100% of that FREE space \n# in the pool and gives it specifically to your Root Logical Volume (rootVol).\nsudo lvextend -L +10G /dev/mapper/RootVG-homeVol\nsudo lvextend -L +10G /dev/mapper/RootVG-rootVol\nsudo lvextend -L +10G /dev/mapper/RootVG-varVol\n\n# This command tells the XFS filesystem to expand and occupy \n# all the new space available in the Logical Volume.\nsudo xfs_growfs /\nsudo xfs_growfs /home\nsudo xfs_growfs /var\nsleep 10\n# --- 2. INSTALL TOOLS ---\nsudo dnf install git -y\n\n# Install npm in agent\nsudo dnf module disable nodejs -y\nsudo dnf module enable nodejs:20 -y\nsudo dnf install nodejs -y\nsleep 5\n\n# Install Docker in agent\nsudo dnf -y install dnf-plugins-core\nsudo dnf config-manager --add-repo https://download.docker.com/linux/rhel/docker-ce.repo\nsudo dnf install docker-ce docker-ce-cli containerd.io docker-buildx-plugin docker-compose-plugin -y\nsudo systemctl start docker\nsudo systemctl enable docker\nsleep 5\nusermod -aG docker ec2-user",
            "user_data_base64": null,
            "user_data_replace_on_change": false,
            "volume_tags": null,
            "vpc_security_group_ids": [
              "sg-0674ace02359e7656"
            ]
          },
          "sensitive_attributes": [],
          "identity_schema_version": 0,
          "identity": {
            "account_id": "424848769611",
            "id": "i-0f54fc51e418d7fec",
            "region": "us-east-1"
          },
          "private": "eyJlMmJmYjczMC1lY2FhLTExZTYtOGY4OC0zNDM2M2JjN2M0YzAiOnsiY3JlYXRlIjo2MDAwMDAwMDAwMDAsImRlbGV0ZSI6MTIwMDAwMDAwMDAwMCwicmVhZCI6OTAwMDAwMDAwMDAwLCJ1cGRhdGUiOjYwMDAwMDAwMDAwMH0sInNjaGVtYV92ZXJzaW9uIjoiMiJ9"
        }
      ]
    }
  ],
  "check_results": null
}
